{
  "name": "postdiff",
  "version": "1.0.0",
  "lockfileVersion": 3,
  "requires": true,
  "packages": {
    "": {
      "name": "postdiff",
      "version": "1.0.0",
      "license": "ISC",
      "dependencies": {
        "@ai-sdk/devtools": "^1.0.24",
        "@ai-sdk/groq": "^4.0.46",
        "@typesafe-ai/sdk": "latest",
        "ai": "^7.0.107",
        "clipboardy": "^5.3.2",
        "commander": "^15.0.0",
        "zod": "^4.6.5"
      },
      "bin": {
        "postdiff": "dist/cli/main.js"
      },
      "devDependencies": {
        "@types/node": "^22.20.4",
        "typescript": "^5.6.3"
      }
    },
    "node_modules/@ai-sdk/devtools": {
      "version": "1.0.24",
      "resolved": "https://registry.npmjs.org/@ai-sdk/devtools/-/devtools-1.0.24.tgz",
      "integrity": "sha512-zLeAu1NuYvD51sP4Vq/DOMZdUddF9w524cmWZWJq3iJuKVmv8sAtqe6rVUAYr7qLg15vPHkpy9LL+BcisbV+qA==",
      "license": "Apache-2.0",
      "dependencies": {
        "@ai-sdk/provider": "4.0.18",
        "@hono/node-server": "^1.19.15",
        "hono": "^4.12.34"
      },
      "bin": {
        "devtools": "bin/cli.js"
      },
      "engines": {
        "node": ">=22"
      }
    },
    "node_modules/@ai-sdk/devtools/node_modules/@ai-sdk/provider": {
      "version": "4.0.18",
      "resolved": "https://registry.npmjs.org/@ai-sdk/provider/-/provider-4.0.18.tgz",
      "integrity": "sha512-+GZJIgz1jk86pwEbb3f1BD2bdoSKyWE4Jg4YUc7NMnMozbWemSKYZcw2F4nMaO5qwsL5A8RmioAKW81YktRpIQ==",
      "license": "Apache-2.0",
      "dependencies": {
        "json-schema": "^0.4.0"
      },
      "engines": {
        "node": ">=22"
      }
    },
    "node_modules/@ai-sdk/gateway": {
      "version": "4.0.87",
      "resolved": "https://registry.npmjs.org/@ai-sdk/gateway/-/gateway-4.0.87.tgz",
      "integrity": "sha512-6wJmX/D5OO7tvDJbtFdXdBuRt8AkCnW+FLK+W35UHe/tHgolAa4hclXtJcMSYnlTDy/t5DNRgdesVaoMXtwzow==",
      "license": "Apache-2.0",
      "dependencies": {
        "@ai-sdk/provider": "4.0.17",
        "@ai-sdk/provider-utils": "5.0.45",
        "@vercel/oidc": "3.2.0"
      },
      "engines": {
        "node": ">=22"
      },
      "peerDependencies": {
        "zod": "^3.25.76 || ^4.1.8"
      }
    },
    "node_modules/@ai-sdk/groq": {
      "version": "4.0.46",
      "resolved": "https://registry.npmjs.org/@ai-sdk/groq/-/groq-4.0.46.tgz",
      "integrity": "sha512-xvR0KORuhb5x2Q4TcTc/kD+HSG0iWy9kMO1tvEdo87OMAAOO1YmZw4F28uq5IhYO9xcbas7KQMP5deUlG64dDA==",
      "license": "Apache-2.0",
      "dependencies": {
        "@ai-sdk/provider": "4.0.17",
        "@ai-sdk/provider-utils": "5.0.45"
      },
      "engines": {
        "node": ">=22"
      },
      "peerDependencies": {
        "zod": "^3.25.76 || ^4.1.8"
      }
    },
    "node_modules/@ai-sdk/provider": {
      "version": "4.0.17",
      "resolved": "https://registry.npmjs.org/@ai-sdk/provider/-/provider-4.0.17.tgz",
      "integrity": "sha512-VYMBxIQdcHqbIf1j+YZlI9Ati6LZ4wJe0GGd4z4a5H/KxTggjeOiyaVYTnfF7LHZK5jMQ+rofmzz4QPqf++NUw==",
      "license": "Apache-2.0",
      "dependencies": {
        "json-schema": "^0.4.0"
      },
      "engines": {
        "node": ">=22"
      }
    },
    "node_modules/@ai-sdk/provider-utils": {
      "version": "5.0.45",
      "resolved": "https://registry.npmjs.org/@ai-sdk/provider-utils/-/provider-utils-5.0.45.tgz",
      "integrity": "sha512-gLuaCups8OCIRz3eO6WWz5op7VLYNNtFzyH0sWUr0FE9v7cTxR0qxDpQdrKnGcql+9WWttobjnZsJVsuEbsPQQ==",
      "license": "Apache-2.0",
      "dependencies": {
        "@ai-sdk/provider": "4.0.17",
        "@standard-schema/spec": "^1.1.0",
        "@workflow/serde": "4.1.0",
        "eventsource-parser": "^3.0.8",
        "undici": "^7.29.0"
      },
      "engines": {
        "node": ">=22"
      },
      "peerDependencies": {
        "zod": "^3.25.76 || ^4.1.8"
      }
    },
    "node_modules/@hono/node-server": {
      "version": "1.19.17",
      "resolved": "https://registry.npmjs.org/@hono/node-server/-/node-server-1.19.17.tgz",
      "integrity": "sha512-dSneS5qhiauZWGDCeK4o695Xd9nUNjviSZCMQrj10eetr8Uln1ucn6bbphOM6UynAMMtNIzZNSpL9vnASJwrPQ==",
      "license": "MIT",
      "engines": {
        "node": ">=18.14.1"
      },
      "peerDependencies": {
        "hono": "^4"
      }
    },
    "node_modules/@sec-ant/readable-stream": {
      "version": "0.4.1",
      "resolved": "https://registry.npmjs.org/@sec-ant/readable-stream/-/readable-stream-0.4.1.tgz",
      "integrity": "sha512-831qok9r2t8AlxLko40y2ebgSDhenenCatLVeW/uBtnHPyhHOvG0C7TvfgecV+wHzIm5KUICgzmVpWS+IMEAeg==",
      "license": "MIT"
    },
    "node_modules/@sindresorhus/merge-streams": {
      "version": "4.0.0",
      "resolved": "https://registry.npmjs.org/@sindresorhus/merge-streams/-/merge-streams-4.0.0.tgz",
      "integrity": "sha512-tlqY9xq5ukxTUZBmoOp+m61cqwQD5pHJtFY3Mn8CA8ps6yghLH/Hw8UPdqg4OLmFW3IFlcXnQNmo/dh8HzXYIQ==",
      "license": "MIT",
      "engines": {
        "node": ">=18"
      },
      "funding": {
        "url": "https://github.com/sponsors/sindresorhus"
      }
    },
    "node_modules/@standard-schema/spec": {
      "version": "1.1.0",
      "resolved": "https://registry.npmjs.org/@standard-schema/spec/-/spec-1.1.0.tgz",
      "integrity": "sha512-l2aFy5jALhniG5HgqrD6jXLi/rUWrKvqN/qJx6yoJsgKhblVd+iqqU4RCXavm/jPityDo5TCvKMnpjKnOriy0w==",
      "license": "MIT"
    },
    "node_modules/@types/node": {
      "version": "22.20.4",
      "resolved": "https://registry.npmjs.org/@types/node/-/node-22.20.4.tgz",
      "integrity": "sha512-zJRE40jpHtKqE/C4fgHrAKQLJuSpzEnP9ff9Y7YtoR3Wd2pwqzlekDeEuUQXjRd+QCYnVnNwuJYmhdk9XV8gvA==",
      "dev": true,
      "license": "MIT",
      "dependencies": {
        "undici-types": "~6.21.0"
      }
    },
    "node_modules/@typesafe-ai/sdk": {
      "version": "0.6.0",
      "resolved": "https://registry.npmjs.org/@typesafe-ai/sdk/-/sdk-0.6.0.tgz",
      "integrity": "sha512-IddX+Q0XM+VagOUZFeP7wZjaO4SHMdvnh2zEBdrZZnXedWI3BNK1lKhMx3ayrkFWvVLbVcUHJy6AVZlY+e6Jaw==",
      "license": "MIT",
      "engines": {
        "node": ">=20"
      }
    },
    "node_modules/@vercel/oidc": {
      "version": "3.2.0",
      "resolved": "https://registry.npmjs.org/@vercel/oidc/-/oidc-3.2.0.tgz",
      "integrity": "sha512-UycprH3T6n3jH0k44NHMa7pnFHGu/N05MjojYr+Mc6I7obkoLIJujSWwin1pCvdy/eOxrI/l3uDLQsmcrOb4ug==",
      "license": "Apache-2.0",
      "engines": {
        "node": ">= 20"
      }
    },
    "node_modules/@workflow/serde": {
      "version": "4.1.0",
      "resolved": "https://registry.npmjs.org/@workflow/serde/-/serde-4.1.0.tgz",
      "integrity": "sha512-pav4F2BoirECWR7Nf1TKt+2eETcBj7jj4cBefQ8VXQCA6NPkaKeLfj/zMgi+3zYV5ZIBT4GuUiphsj0/b9hPQQ==",
      "license": "Apache-2.0"
    },
    "node_modules/ai": {
      "version": "7.0.107",
      "resolved": "https://registry.npmjs.org/ai/-/ai-7.0.107.tgz",
      "integrity": "sha512-PVYQ3W9kR8oYiGQxbg4aFIlhQzKskZm8UV+4E0zB2uKOzFr8ju3bXQncOOZtLsOgJY8vdpgyu3cXtomsfcdQYg==",
      "license": "Apache-2.0",
      "dependencies": {
        "@ai-sdk/gateway": "4.0.87",
        "@ai-sdk/provider": "4.0.17",
        "@ai-sdk/provider-utils": "5.0.45"
      },
      "engines": {
        "node": ">=22"
      },
      "peerDependencies": {
        "zod": "^3.25.76 || ^4.1.8"
      }
    },
    "node_modules/clipboard-image": {
      "version": "0.1.0",
      "resolved": "https://registry.npmjs.org/clipboard-image/-/clipboard-image-0.1.0.tgz",
      "integrity": "sha512-SWk7FgaXLNFld19peQ/rTe0n97lwR1WbkqxV6JKCAOh7U52AKV/PeMFCyt/8IhBdqyDA8rdyewQMKZqvWT5Akg==",
      "license": "MIT",
      "dependencies": {
        "run-jxa": "^3.0.0"
      },
      "bin": {
        "clipboard-image": "cli.js"
      },
      "engines": {
        "node": ">=20"
      },
      "funding": {
        "url": "https://github.com/sponsors/sindresorhus"
      }
    },
    "node_modules/clipboardy": {
      "version": "5.3.2",
      "resolved": "https://registry.npmjs.org/clipboardy/-/clipboardy-5.3.2.tgz",
      "integrity": "sha512-R35PENCHFCw6lsd5SjYPuAVV3Zawr74mKc7ogFNzoDPoQsmWDoJgUNNnWCk/czeqdZGZs8Y0M8zkOlVoySfHEQ==",
      "license": "MIT",
      "dependencies": {
        "clipboard-image": "^0.1.0",
        "execa": "^9.6.1",
        "is-wayland": "^0.1.0",
        "is-wsl": "^3.1.0",
        "is64bit": "^2.0.0",
        "powershell-utils": "^0.2.0"
      },
      "engines": {
        "node": ">=20"
      },
      "funding": {
        "url": "https://github.com/sponsors/sindresorhus"
      }
    },
    "node_modules/commander": {
      "version": "15.0.0",
      "resolved": "https://registry.npmjs.org/commander/-/commander-15.0.0.tgz",
      "integrity": "sha512-z67u4ZhzCL/Tydu1lJARtEZYWbWaN7oYLHbsuzocr6y4N6WZAagG3RQ4FW61V1/0+jImpj293XfrcYnd1qxtPg==",
      "license": "MIT",
      "engines": {
        "node": ">=22.12.0"
      }
    },
    "node_modules/cross-spawn": {
      "version": "7.0.6",
      "resolved": "https://registry.npmjs.org/cross-spawn/-/cross-spawn-7.0.6.tgz",
      "integrity": "sha512-uV2QOWP2nWzsy2aMp8aRibhi9dlzF5Hgh5SHaB9OiTGEyDTiJJyx0uy51QXdyWbtAHNua4XJzUKca3OzKUd3vA==",
      "license": "MIT",
      "dependencies": {
        "path-key": "^3.1.0",
        "shebang-command": "^2.0.0",
        "which": "^2.0.1"
      },
      "engines": {
        "node": ">= 8"
      }
    },
    "node_modules/crypto-random-string": {
      "version": "4.0.0",
      "resolved": "https://registry.npmjs.org/crypto-random-string/-/crypto-random-string-4.0.0.tgz",
      "integrity": "sha512-x8dy3RnvYdlUcPOjkEHqozhiwzKNSq7GcPuXFbnyMOCHxX8V3OgIg/pYuabl2sbUPfIJaeAQB7PMOK8DFIdoRA==",
      "license": "MIT",
      "dependencies": {
        "type-fest": "^1.0.1"
      },
      "engines": {
        "node": ">=12"
      },
      "funding": {
        "url": "https://github.com/sponsors/sindresorhus"
      }
    },
    "node_modules/crypto-random-string/node_modules/type-fest": {
      "version": "1.4.0",
      "resolved": "https://registry.npmjs.org/type-fest/-/type-fest-1.4.0.tgz",
      "integrity": "sha512-yGSza74xk0UG8k+pLh5oeoYirvIiWo5t0/o3zHHAO2tRDiZcxWP7fywNlXhqb6/r6sWvwi+RsyQMWhVLe4BVuA==",
      "license": "(MIT OR CC0-1.0)",
      "engines": {
        "node": ">=10"
      },
      "funding": {
        "url": "https://github.com/sponsors/sindresorhus"
      }
    },
    "node_modules/escape-string-regexp": {
      "version": "5.0.0",
      "resolved": "https://registry.npmjs.org/escape-string-regexp/-/escape-string-regexp-5.0.0.tgz",
      "integrity": "sha512-/veY75JbMK4j1yjvuUxuVsiS/hr/4iHs9FTT6cgTexxdE0Ly/glccBAkloH/DofkjRbZU3bnoj38mOmhkZ0lHw==",
      "license": "MIT",
      "engines": {
        "node": ">=12"
      },
      "funding": {
        "url": "https://github.com/sponsors/sindresorhus"
      }
    },
    "node_modules/eventsource-parser": {
      "version": "3.1.1",
      "resolved": "https://registry.npmjs.org/eventsource-parser/-/eventsource-parser-3.1.1.tgz",
      "integrity": "sha512-EKN1vKAMcZ8MlYMpaNuxN6R9yakzH6uajHcHVTqWJzvu5pWw9DyhbP35HH8MVBQ+dZjAfDxk+A8NiR9KWaXiyQ==",
      "license": "MIT",
      "engines": {
        "node": ">=18.0.0"
      }
    },
    "node_modules/execa": {
      "version": "9.6.1",
      "resolved": "https://registry.npmjs.org/execa/-/execa-9.6.1.tgz",
      "integrity": "sha512-9Be3ZoN4LmYR90tUoVu2te2BsbzHfhJyfEiAVfz7N5/zv+jduIfLrV2xdQXOHbaD6KgpGdO9PRPM1Y4Q9QkPkA==",
      "license": "MIT",
      "dependencies": {
        "@sindresorhus/merge-streams": "^4.0.0",
        "cross-spawn": "^7.0.6",
        "figures": "^6.1.0",
        "get-stream": "^9.0.0",
        "human-signals": "^8.0.1",
        "is-plain-obj": "^4.1.0",
        "is-stream": "^4.0.1",
        "npm-run-path": "^6.0.0",
        "pretty-ms": "^9.2.0",
        "signal-exit": "^4.1.0",
        "strip-final-newline": "^4.0.0",
        "yoctocolors": "^2.1.1"
      },
      "engines": {
        "node": "^18.19.0 || >=20.5.0"
      },
      "funding": {
        "url": "https://github.com/sindresorhus/execa?sponsor=1"
      }
    },
    "node_modules/figures": {
      "version": "6.1.0",
      "resolved": "https://registry.npmjs.org/figures/-/figures-6.1.0.tgz",
      "integrity": "sha512-d+l3qxjSesT4V7v2fh+QnmFnUWv9lSpjarhShNTgBOfA0ttejbQUAlHLitbjkoRiDulW0OPoQPYIGhIC8ohejg==",
      "license": "MIT",
      "dependencies": {
        "is-unicode-supported": "^2.0.0"
      },
      "engines": {
        "node": ">=18"
      },
      "funding": {
        "url": "https://github.com/sponsors/sindresorhus"
      }
    },
    "node_modules/get-stream": {
      "version": "9.0.1",
      "resolved": "https://registry.npmjs.org/get-stream/-/get-stream-9.0.1.tgz",
      "integrity": "sha512-kVCxPF3vQM/N0B1PmoqVUqgHP+EeVjmZSQn+1oCRPxd2P21P2F19lIgbR3HBosbB1PUhOAoctJnfEn2GbN2eZA==",
      "license": "MIT",
      "dependencies": {
        "@sec-ant/readable-stream": "^0.4.1",
        "is-stream": "^4.0.1"
      },
      "engines": {
        "node": ">=18"
      },
      "funding": {
        "url": "https://github.com/sponsors/sindresorhus"
      }
    },
    "node_modules/hono": {
      "version": "4.13.9",
      "resolved": "https://registry.npmjs.org/hono/-/hono-4.13.9.tgz",
      "integrity": "sha512-7dMkQmZoC4E6F7AtaQSPhlWAdnBti+j7rreMZl8QB4jFiEhP9TWbGWUMi8WYzBCgmgulxuvLQupKqo+Co6Omyg==",
      "license": "MIT",
      "engines": {
        "node": ">=16.9.0"
      }
    },
    "node_modules/human-signals": {
      "version": "8.0.1",
      "resolved": "https://registry.npmjs.org/human-signals/-/human-signals-8.0.1.tgz",
      "integrity": "sha512-eKCa6bwnJhvxj14kZk5NCPc6Hb6BdsU9DZcOnmQKSnO1VKrfV0zCvtttPZUsBvjmNDn8rpcJfpwSYnHBjc95MQ==",
      "license": "Apache-2.0",
      "engines": {
        "node": ">=18.18.0"
      }
    },
    "node_modules/is-docker": {
      "version": "3.0.0",
      "resolved": "https://registry.npmjs.org/is-docker/-/is-docker-3.0.0.tgz",
      "integrity": "sha512-eljcgEDlEns/7AXFosB5K/2nCM4P7FQPkGc/DWLy5rmFEWvZayGrik1d9/QIY5nJ4f9YsVvBkA6kJpHn9rISdQ==",
      "license": "MIT",
      "bin": {
        "is-docker": "cli.js"
      },
      "engines": {
        "node": "^12.20.0 || ^14.13.1 || >=16.0.0"
      },
      "funding": {
        "url": "https://github.com/sponsors/sindresorhus"
      }
    },
    "node_modules/is-inside-container": {
      "version": "1.0.0",
      "resolved": "https://registry.npmjs.org/is-inside-container/-/is-inside-container-1.0.0.tgz",
      "integrity": "sha512-KIYLCCJghfHZxqjYBE7rEy0OBuTd5xCHS7tHVgvCLkx7StIoaxwNW3hCALgEUjFfeRk+MG/Qxmp/vtETEF3tRA==",
      "license": "MIT",
      "dependencies": {
        "is-docker": "^3.0.0"
      },
      "bin": {
        "is-inside-container": "cli.js"
      },
      "engines": {
        "node": ">=14.16"
      },
      "funding": {
        "url": "https://github.com/sponsors/sindresorhus"
      }
    },
    "node_modules/is-plain-obj": {
      "version": "4.1.0",
      "resolved": "https://registry.npmjs.org/is-plain-obj/-/is-plain-obj-4.1.0.tgz",
      "integrity": "sha512-+Pgi+vMuUNkJyExiMBt5IlFoMyKnr5zhJ4Uspz58WOhBF5QoIZkFyNHIbBAtHwzVAgk5RtndVNsDRN61/mmDqg==",
      "license": "MIT",
      "engines": {
        "node": ">=12"
      },
      "funding": {
        "url": "https://github.com/sponsors/sindresorhus"
      }
    },
    "node_modules/is-stream": {
      "version": "4.0.1",
      "resolved": "https://registry.npmjs.org/is-stream/-/is-stream-4.0.1.tgz",
      "integrity": "sha512-Dnz92NInDqYckGEUJv689RbRiTSEHCQ7wOVeALbkOz999YpqT46yMRIGtSNl2iCL1waAZSx40+h59NV/EwzV/A==",
      "license": "MIT",
      "engines": {
        "node": ">=18"
      },
      "funding": {
        "url": "https://github.com/sponsors/sindresorhus"
      }
    },
    "node_modules/is-unicode-supported": {
      "version": "2.1.0",
      "resolved": "https://registry.npmjs.org/is-unicode-supported/-/is-unicode-supported-2.1.0.tgz",
      "integrity": "sha512-mE00Gnza5EEB3Ds0HfMyllZzbBrmLOX3vfWoj9A9PEnTfratQ/BcaJOuMhnkhjXvb2+FkY3VuHqtAGpTPmglFQ==",
      "license": "MIT",
      "engines": {
        "node": ">=18"
      },
      "funding": {
        "url": "https://github.com/sponsors/sindresorhus"
      }
    },
    "node_modules/is-wayland": {
      "version": "0.1.0",
      "resolved": "https://registry.npmjs.org/is-wayland/-/is-wayland-0.1.0.tgz",
      "integrity": "sha512-QkbMsWkIfkrzOPxenwye0h56iAXirZYHG9eHVPb22fO9y+wPbaX/CHacOWBa/I++4ohTcByimhM1/nyCsH8KNA==",
      "license": "MIT",
      "engines": {
        "node": ">=20"
      },
      "funding": {
        "url": "https://github.com/sponsors/sindresorhus"
      }
    },
    "node_modules/is-wsl": {
      "version": "3.1.1",
      "resolved": "https://registry.npmjs.org/is-wsl/-/is-wsl-3.1.1.tgz",
      "integrity": "sha512-e6rvdUCiQCAuumZslxRJWR/Doq4VpPR82kqclvcS0efgt430SlGIk05vdCN58+VrzgtIcfNODjozVielycD4Sw==",
      "license": "MIT",
      "dependencies": {
        "is-inside-container": "^1.0.0"
      },
      "engines": {
        "node": ">=16"
      },
      "funding": {
        "url": "https://github.com/sponsors/sindresorhus"
      }
    },
    "node_modules/is64bit": {
      "version": "2.0.0",
      "resolved": "https://registry.npmjs.org/is64bit/-/is64bit-2.0.0.tgz",
      "integrity": "sha512-jv+8jaWCl0g2lSBkNSVXdzfBA0npK1HGC2KtWM9FumFRoGS94g3NbCCLVnCYHLjp4GrW2KZeeSTMo5ddtznmGw==",
      "license": "MIT",
      "dependencies": {
        "system-architecture": "^0.1.0"
      },
      "engines": {
        "node": ">=18"
      },
      "funding": {
        "url": "https://github.com/sponsors/sindresorhus"
      }
    },
    "node_modules/isexe": {
      "version": "2.0.0",
      "resolved": "https://registry.npmjs.org/isexe/-/isexe-2.0.0.tgz",
      "integrity": "sha512-RHxMLp9lnKHGHRng9QFhRCMbYAcVpn69smSGcq3f36xjgVVWThj4qqLbTLlq7Ssj8B+fIQ1EuCEGI2lKsyQeIw==",
      "license": "ISC"
    },
    "node_modules/json-schema": {
      "version": "0.4.0",
      "resolved": "https://registry.npmjs.org/json-schema/-/json-schema-0.4.0.tgz",
      "integrity": "sha512-es94M3nTIfsEPisRafak+HDLfHXnKBhV3vU5eqPcS3flIWqcxJWgXHXiey3YrpaNsanY5ei1VoYEbOzijuq9BA==",
      "license": "(AFL-2.1 OR BSD-3-Clause)"
    },
    "node_modules/macos-version": {
      "version": "6.0.0",
      "resolved": "https://registry.npmjs.org/macos-version/-/macos-version-6.0.0.tgz",
      "integrity": "sha512-O2S8voA+pMfCHhBn/TIYDXzJ1qNHpPDU32oFxglKnVdJABiYYITt45oLkV9yhwA3E2FDwn3tQqUFrTsr1p3sBQ==",
      "license": "MIT",
      "dependencies": {
        "semver": "^7.3.5"
      },
      "engines": {
        "node": "^12.20.0 || ^14.13.1 || >=16.0.0"
      },
      "funding": {
        "url": "https://github.com/sponsors/sindresorhus"
      }
    },
    "node_modules/merge-stream": {
      "version": "2.0.0",
      "resolved": "https://registry.npmjs.org/merge-stream/-/merge-stream-2.0.0.tgz",
      "integrity": "sha512-abv/qOcuPfk3URPfDzmZU1LKmuw8kT+0nIHvKrKgFrwifol/doWcdA4ZqsWQ8ENrFKkd67Mfpo/LovbIUsbt3w==",
      "license": "MIT"
    },
    "node_modules/mimic-fn": {
      "version": "2.1.0",
      "resolved": "https://registry.npmjs.org/mimic-fn/-/mimic-fn-2.1.0.tgz",
      "integrity": "sha512-OqbOk5oEQeAZ8WXWydlu9HJjz9WVdEIvamMCcXmuqUYjTknH/sqsWvhQ3vgwKFRR1HpjvNBKQ37nbJgYzGqGcg==",
      "license": "MIT",
      "engines": {
        "node": ">=6"
      }
    },
    "node_modules/npm-run-path": {
      "version": "6.0.0",
      "resolved": "https://registry.npmjs.org/npm-run-path/-/npm-run-path-6.0.0.tgz",
      "integrity": "sha512-9qny7Z9DsQU8Ou39ERsPU4OZQlSTP47ShQzuKZ6PRXpYLtIFgl/DEBYEXKlvcEa+9tHVcK8CF81Y2V72qaZhWA==",
      "license": "MIT",
      "dependencies": {
        "path-key": "^4.0.0",
        "unicorn-magic": "^0.3.0"
      },
      "engines": {
        "node": ">=18"
      },
      "funding": {
        "url": "https://github.com/sponsors/sindresorhus"
      }
    },
    "node_modules/npm-run-path/node_modules/path-key": {
      "version": "4.0.0",
      "resolved": "https://registry.npmjs.org/path-key/-/path-key-4.0.0.tgz",
      "integrity": "sha512-haREypq7xkM7ErfgIyA0z+Bj4AGKlMSdlQE2jvJo6huWD1EdkKYV+G/T4nq0YEF2vgTT8kqMFKo1uHn950r4SQ==",
      "license": "MIT",
      "engines": {
        "node": ">=12"
      },
      "funding": {
        "url": "https://github.com/sponsors/sindresorhus"
      }
    },
    "node_modules/onetime": {
      "version": "5.1.2",
      "resolved": "https://registry.npmjs.org/onetime/-/onetime-5.1.2.tgz",
      "integrity": "sha512-kbpaSSGJTWdAY5KPVeMOKXSrPtr8C8C7wodJbcsd51jRnmD+GZu8Y0VoU6Dm5Z4vWr0Ig/1NKuWRKf7j5aaYSg==",
      "license": "MIT",
      "dependencies": {
        "mimic-fn": "^2.1.0"
      },
      "engines": {
        "node": ">=6"
      },
      "funding": {
        "url": "https://github.com/sponsors/sindresorhus"
      }
    },
    "node_modules/parse-ms": {
      "version": "4.0.0",
      "resolved": "https://registry.npmjs.org/parse-ms/-/parse-ms-4.0.0.tgz",
      "integrity": "sha512-TXfryirbmq34y8QBwgqCVLi+8oA3oWx2eAnSn62ITyEhEYaWRlVZ2DvMM9eZbMs/RfxPu/PK/aBLyGj4IrqMHw==",
      "license": "MIT",
      "engines": {
        "node": ">=18"
      },
      "funding": {
        "url": "https://github.com/sponsors/sindresorhus"
      }
    },
    "node_modules/path-key": {
      "version": "3.1.1",
      "resolved": "https://registry.npmjs.org/path-key/-/path-key-3.1.1.tgz",
      "integrity": "sha512-ojmeN0qd+y0jszEtoY48r0Peq5dwMEkIlCOu6Q5f41lfkswXuKtYrhgoTpLnyIcHm24Uhqx+5Tqm2InSwLhE6Q==",
      "license": "MIT",
      "engines": {
        "node": ">=8"
      }
    },
    "node_modules/powershell-utils": {
      "version": "0.2.1",
      "resolved": "https://registry.npmjs.org/powershell-utils/-/powershell-utils-0.2.1.tgz",
      "integrity": "sha512-C+y9x90UElAddDZmV4qOx9W53B61PO7cIqWz2dQsWlwswuq4mr8NEwytdGKboYbQlGZ3awrkTeNvcZiZNHnQ8A==",
      "license": "MIT",
      "engines": {
        "node": ">=20"
      },
      "funding": {
        "url": "https://github.com/sponsors/sindresorhus"
      }
    },
    "node_modules/pretty-ms": {
      "version": "9.3.1",
      "resolved": "https://registry.npmjs.org/pretty-ms/-/pretty-ms-9.3.1.tgz",
      "integrity": "sha512-HzMy3Geq23nVALD/M2LliU+F+M+gVNsvkQWWqeBZ8HDiCgzo6YPJ/Omrmtq24EFrIsk0a3EkQGEd7bDOo+IhGA==",
      "license": "MIT",
      "dependencies": {
        "parse-ms": "^4.0.0"
      },
      "engines": {
        "node": ">=18"
      },
      "funding": {
        "url": "https://github.com/sponsors/sindresorhus"
      }
    },
    "node_modules/run-jxa": {
      "version": "3.0.0",
      "resolved": "https://registry.npmjs.org/run-jxa/-/run-jxa-3.0.0.tgz",
      "integrity": "sha512-4f2CrY7H+sXkKXJn/cE6qRA3z+NMVO7zvlZ/nUV0e62yWftpiLAfw5eV9ZdomzWd2TXWwEIiGjAT57+lWIzzvA==",
      "license": "MIT",
      "dependencies": {
        "execa": "^5.1.1",
        "macos-version": "^6.0.0",
        "subsume": "^4.0.0",
        "type-fest": "^2.0.0"
      },
      "engines": {
        "node": "^12.20.0 || ^14.13.1 || >=16.0.0"
      },
      "funding": {
        "url": "https://github.com/sponsors/sindresorhus"
      }
    },
    "node_modules/run-jxa/node_modules/execa": {
      "version": "5.1.1",
      "resolved": "https://registry.npmjs.org/execa/-/execa-5.1.1.tgz",
      "integrity": "sha512-8uSpZZocAZRBAPIEINJj3Lo9HyGitllczc27Eh5YYojjMFMn8yHMDMaUHE2Jqfq05D/wucwI4JGURyXt1vchyg==",
      "license": "MIT",
      "dependencies": {
        "cross-spawn": "^7.0.3",
        "get-stream": "^6.0.0",
        "human-signals": "^2.1.0",
        "is-stream": "^2.0.0",
        "merge-stream": "^2.0.0",
        "npm-run-path": "^4.0.1",
        "onetime": "^5.1.2",
        "signal-exit": "^3.0.3",
        "strip-final-newline": "^2.0.0"
      },
      "engines": {
        "node": ">=10"
      },
      "funding": {
        "url": "https://github.com/sindresorhus/execa?sponsor=1"
      }
    },
    "node_modules/run-jxa/node_modules/get-stream": {
      "version": "6.0.1",
      "resolved": "https://registry.npmjs.org/get-stream/-/get-stream-6.0.1.tgz",
      "integrity": "sha512-ts6Wi+2j3jQjqi70w5AlN8DFnkSwC+MqmxEzdEALB2qXZYV3X/b1CTfgPLGJNMeAWxdPfU8FO1ms3NUfaHCPYg==",
      "license": "MIT",
      "engines": {
        "node": ">=10"
      },
      "funding": {
        "url": "https://github.com/sponsors/sindresorhus"
      }
    },
    "node_modules/run-jxa/node_modules/human-signals": {
      "version": "2.1.0",
      "resolved": "https://registry.npmjs.org/human-signals/-/human-signals-2.1.0.tgz",
      "integrity": "sha512-B4FFZ6q/T2jhhksgkbEW3HBvWIfDW85snkQgawt07S7J5QXTk6BkNV+0yAeZrM5QpMAdYlocGoljn0sJ/WQkFw==",
      "license": "Apache-2.0",
      "engines": {
        "node": ">=10.17.0"
      }
    },
    "node_modules/run-jxa/node_modules/is-stream": {
      "version": "2.0.1",
      "resolved": "https://registry.npmjs.org/is-stream/-/is-stream-2.0.1.tgz",
      "integrity": "sha512-hFoiJiTl63nn+kstHGBtewWSKnQLpyb155KHheA1l39uvtO9nWIop1p3udqPcUd/xbF1VLMO4n7OI6p7RbngDg==",
      "license": "MIT",
      "engines": {
        "node": ">=8"
      },
      "funding": {
        "url": "https://github.com/sponsors/sindresorhus"
      }
    },
    "node_modules/run-jxa/node_modules/npm-run-path": {
      "version": "4.0.1",
      "resolved": "https://registry.npmjs.org/npm-run-path/-/npm-run-path-4.0.1.tgz",
      "integrity": "sha512-S48WzZW777zhNIrn7gxOlISNAqi9ZC/uQFnRdbeIHhZhCA6UqpkOT8T1G7BvfdgP4Er8gF4sUbaS0i7QvIfCWw==",
      "license": "MIT",
      "dependencies": {
        "path-key": "^3.0.0"
      },
      "engines": {
        "node": ">=8"
      }
    },
    "node_modules/run-jxa/node_modules/signal-exit": {
      "version": "3.0.7",
      "resolved": "https://registry.npmjs.org/signal-exit/-/signal-exit-3.0.7.tgz",
      "integrity": "sha512-wnD2ZE+l+SPC/uoS0vXeE9L1+0wuaMqKlfz9AMUo38JsyLSBWSFcHR1Rri62LZc12vLr1gb3jl7iwQhgwpAbGQ==",
      "license": "ISC"
    },
    "node_modules/run-jxa/node_modules/strip-final-newline": {
      "version": "2.0.0",
      "resolved": "https://registry.npmjs.org/strip-final-newline/-/strip-final-newline-2.0.0.tgz",
      "integrity": "sha512-BrpvfNAE3dcvq7ll3xVumzjKjZQ5tI1sEUIKr3Uoks0XUl45St3FlatVqef9prk4jRDzhW6WZg+3bk93y6pLjA==",
      "license": "MIT",
      "engines": {
        "node": ">=6"
      }
    },
    "node_modules/semver": {
      "version": "7.8.5",
      "resolved": "https://registry.npmjs.org/semver/-/semver-7.8.5.tgz",
      "integrity": "sha512-Y7/KDsb8LjooZpwaqGyulO6DQlksgCncchHGk+sZIY4SBvUocMBEFH5Ur1fI4dV+Jvl0w6cjvucaIi40puRioA==",
      "license": "ISC",
      "bin": {
        "semver": "bin/semver.js"
      },
      "engines": {
        "node": ">=10"
      }
    },
    "node_modules/shebang-command": {
      "version": "2.0.0",
      "resolved": "https://registry.npmjs.org/shebang-command/-/shebang-command-2.0.0.tgz",
      "integrity": "sha512-kHxr2zZpYtdmrN1qDjrrX/Z1rR1kG8Dx+gkpK1G4eXmvXswmcE1hTWBWYUzlraYw1/yZp6YuDY77YtvbN0dmDA==",
      "license": "MIT",
      "dependencies": {
        "shebang-regex": "^3.0.0"
      },
      "engines": {
        "node": ">=8"
      }
    },
    "node_modules/shebang-regex": {
      "version": "3.0.0",
      "resolved": "https://registry.npmjs.org/shebang-regex/-/shebang-regex-3.0.0.tgz",
      "integrity": "sha512-7++dFhtcx3353uBaq8DDR4NuxBetBzC7ZQOhmTQInHEd6bSrXdiEyzCvG07Z44UYdLShWUyXt5M/yhz8ekcb1A==",
      "license": "MIT",
      "engines": {
        "node": ">=8"
      }
    },
    "node_modules/signal-exit": {
      "version": "4.1.0",
      "resolved": "https://registry.npmjs.org/signal-exit/-/signal-exit-4.1.0.tgz",
      "integrity": "sha512-bzyZ1e88w9O1iNJbKnOlvYTrWPDl46O1bG0D3XInv+9tkPrxrN8jUUTiFlDkkmKWgn1M6CfIA13SuGqOa9Korw==",
      "license": "ISC",
      "engines": {
        "node": ">=14"
      },
      "funding": {
        "url": "https://github.com/sponsors/isaacs"
      }
    },
    "node_modules/strip-final-newline": {
      "version": "4.0.0",
      "resolved": "https://registry.npmjs.org/strip-final-newline/-/strip-final-newline-4.0.0.tgz",
      "integrity": "sha512-aulFJcD6YK8V1G7iRB5tigAP4TsHBZZrOV8pjV++zdUwmeV8uzbY7yn6h9MswN62adStNZFuCIx4haBnRuMDaw==",
      "license": "MIT",
      "engines": {
        "node": ">=18"
      },
      "funding": {
        "url": "https://github.com/sponsors/sindresorhus"
      }
    },
    "node_modules/subsume": {
      "version": "4.0.0",
      "resolved": "https://registry.npmjs.org/subsume/-/subsume-4.0.0.tgz",
      "integrity": "sha512-BWnYJElmHbYZ/zKevy+TG+SsyoFCmRPDHJbR1MzLxkPOv1Jp/4hGhVUtP98s+wZBsBsHwCXvPTP0x287/WMjGg==",
      "license": "MIT",
      "dependencies": {
        "escape-string-regexp": "^5.0.0",
        "unique-string": "^3.0.0"
      },
      "engines": {
        "node": "^12.20.0 || ^14.13.1 || >=16.0.0"
      },
      "funding": {
        "url": "https://github.com/sponsors/sindresorhus"
      }
    },
    "node_modules/system-architecture": {
      "version": "0.1.0",
      "resolved": "https://registry.npmjs.org/system-architecture/-/system-architecture-0.1.0.tgz",
      "integrity": "sha512-ulAk51I9UVUyJgxlv9M6lFot2WP3e7t8Kz9+IS6D4rVba1tR9kON+Ey69f+1R4Q8cd45Lod6a4IcJIxnzGc/zA==",
      "license": "MIT",
      "engines": {
        "node": ">=18"
      },
      "funding": {
        "url": "https://github.com/sponsors/sindresorhus"
      }
    },
    "node_modules/type-fest": {
      "version": "2.19.0",
      "resolved": "https://registry.npmjs.org/type-fest/-/type-fest-2.19.0.tgz",
      "integrity": "sha512-RAH822pAdBgcNMAfWnCBU3CFZcfZ/i1eZjwFU/dsLKumyuuP3niueg2UAukXYF0E2AAoc82ZSSf9J0WQBinzHA==",
      "license": "(MIT OR CC0-1.0)",
      "engines": {
        "node": ">=12.20"
      },
      "funding": {
        "url": "https://github.com/sponsors/sindresorhus"
      }
    },
    "node_modules/typescript": {
      "version": "5.9.3",
      "resolved": "https://registry.npmjs.org/typescript/-/typescript-5.9.3.tgz",
      "integrity": "sha512-jl1vZzPDinLr9eUt3J/t7V6FgNEw9QjvBPdysz9KfQDD41fQrC2Y4vKQdiaUpFT4bXlb1RHhLpp8wtm6M5TgSw==",
      "dev": true,
      "license": "Apache-2.0",
      "bin": {
        "tsc": "bin/tsc",
        "tsserver": "bin/tsserver"
      },
      "engines": {
        "node": ">=14.17"
      }
    },
    "node_modules/undici": {
      "version": "7.29.1",
      "resolved": "https://registry.npmjs.org/undici/-/undici-7.29.1.tgz",
      "integrity": "sha512-RYONW2MeafgYlkVOKYKkA/Ag7BmXqgIWCa8t1m0JcxrQg9pI9lEqRhAOruOBCbAohOa/gkCF+iPi9hrgvTzu6Q==",
      "license": "MIT",
      "engines": {
        "node": ">=20.18.1"
      }
    },
    "node_modules/undici-types": {
      "version": "6.21.0",
      "resolved": "https://registry.npmjs.org/undici-types/-/undici-types-6.21.0.tgz",
      "integrity": "sha512-iwDZqg0QAGrg9Rav5H4n0M64c3mkR59cJ6wQp+7C4nI0gsmExaedaYLNO44eT4AtBBwjbTiGPMlt2Md0T9H9JQ==",
      "dev": true,
      "license": "MIT"
    },
    "node_modules/unicorn-magic": {
      "version": "0.3.0",
      "resolved": "https://registry.npmjs.org/unicorn-magic/-/unicorn-magic-0.3.0.tgz",
      "integrity": "sha512-+QBBXBCvifc56fsbuxZQ6Sic3wqqc3WWaqxs58gvJrcOuN83HGTCwz3oS5phzU9LthRNE9VrJCFCLUgHeeFnfA==",
      "license": "MIT",
      "engines": {
        "node": ">=18"
      },
      "funding": {
        "url": "https://github.com/sponsors/sindresorhus"
      }
    },
    "node_modules/unique-string": {
      "version": "3.0.0",
      "resolved": "https://registry.npmjs.org/unique-string/-/unique-string-3.0.0.tgz",
      "integrity": "sha512-VGXBUVwxKMBUznyffQweQABPRRW1vHZAbadFZud4pLFAqRGvv/96vafgjWFqzourzr8YonlQiPgH0YCJfawoGQ==",
      "license": "MIT",
      "dependencies": {
        "crypto-random-string": "^4.0.0"
      },
      "engines": {
        "node": ">=12"
      },
      "funding": {
        "url": "https://github.com/sponsors/sindresorhus"
      }
    },
    "node_modules/which": {
      "version": "2.0.2",
      "resolved": "https://registry.npmjs.org/which/-/which-2.0.2.tgz",
      "integrity": "sha512-BLI3Tl1TW3Pvl70l3yq3Y64i+awpwXqsGBYWkkqMtnbXgrMD+yj7rhW0kuEDxzJaYXGjEW5ogapKNMEKNMjibA==",
      "license": "ISC",
      "dependencies": {
        "isexe": "^2.0.0"
      },
      "bin": {
        "node-which": "bin/node-which"
      },
      "engines": {
        "node": ">= 8"
      }
    },
    "node_modules/yoctocolors": {
      "version": "2.2.0",
      "resolved": "https://registry.npmjs.org/yoctocolors/-/yoctocolors-2.2.0.tgz",
      "integrity": "sha512-xYqdZFUK/VYazNl/oCDYN+3WloWQwMfZxBoiNt6qNyk+xfOdi598muWE42rNZFp1kNOiqW936q5RhUdnpqElSg==",
      "license": "MIT",
      "engines": {
        "node": ">=18"
      },
      "funding": {
        "url": "https://github.com/sponsors/sindresorhus"
      }
    },
    "node_modules/zod": {
      "version": "4.6.5",
      "resolved": "https://registry.npmjs.org/zod/-/zod-4.6.5.tgz",
      "integrity": "sha512-v5l/aFXZQeai4awLbOpSoHecE9UiMrnfx75tEXLjNonXVARxQ5mOeipTjROUchszUNCqnE+hqAMujRsRHsut2Q==",
      "license": "MIT",
      "funding": {
        "url": "https://github.com/sponsors/colinhacks"
      }
    }
  }
}
